{
    "requires": true,
    "lockfileVersion": 1,
    "dependencies": {
        "bower": {
            "version": "1.8.4",
            "resolved": "https://registry.npmjs.org/bower/-/bower-1.8.4.tgz",
            "integrity": "sha1-54dqB23rgTf30GUl3F6MZtuC8oo="
        },
        "yarn": {
            "version": "1.12.3",
            "resolved": "https://registry.npmjs.org/yarn/-/yarn-1.12.3.tgz",
            "integrity": "sha512-8f5rWNDvkhAmCxmn8C0LsNWMxTYVk4VGKiq0sIB6HGZjaZTHsGIH87SUmVDUEd2Wk54bqKoUlbVWgQFCQhRkVw=="
        }
    }
}
